
Microsoft Visual Studio Solution File, Format Version 12.00
# Visual Studio Version 16
VisualStudioVersion = 16.0.29709.97
MinimumVisualStudioVersion = 10.0.40219.1
Project("{8BC9CEB8-8B4A-11D0-8D11-00A0C91BC942}") = "6nji glawa 10", "6nji glawa 10\6nji glawa 10.vcxproj", "{2300421E-1D2C-4BED-BE45-F31FE7083897}"
EndProject
Global
	GlobalSection(SolutionConfigurationPlatforms) = preSolution
		Debug|x64 = Debug|x64
		Debug|x86 = Debug|x86
		Release|x64 = Release|x64
		Release|x86 = Release|x86
	EndGlobalSection
	GlobalSection(ProjectConfigurationPlatforms) = postSolution
		{2300421E-1D2C-4BED-BE45-F31FE7083897}.Debug|x64.ActiveCfg = Debug|x64
		{2300421E-1D2C-4BED-BE45-F31FE7083897}.Debug|x64.Build.0 = Debug|x64
		{2300421E-1D2C-4BED-BE45-F31FE7083897}.Debug|x86.ActiveCfg = Debug|Win32
		{2300421E-1D2C-4BED-BE45-F31FE7083897}.Debug|x86.Build.0 = Debug|Win32
		{2300421E-1D2C-4BED-BE45-F31FE7083897}.Release|x64.ActiveCfg = Release|x64
		{2300421E-1D2C-4BED-BE45-F31FE7083897}.Release|x64.Build.0 = Release|x64
		{2300421E-1D2C-4BED-BE45-F31FE7083897}.Release|x86.ActiveCfg = Release|Win32
		{2300421E-1D2C-4BED-BE45-F31FE7083897}.Release|x86.Build.0 = Release|Win32
	EndGlobalSection
	GlobalSection(SolutionProperties) = preSolution
		HideSolutionNode = FALSE
	EndGlobalSection
	GlobalSection(ExtensibilityGlobals) = postSolution
		SolutionGuid = {D651A818-38D1-4713-B128-42C57E070C1C}
	EndGlobalSection
EndGlobal
