
Microsoft Visual Studio Solution File, Format Version 12.00
# Visual Studio Version 16
VisualStudioVersion = 16.0.30503.244
MinimumVisualStudioVersion = 10.0.40219.1
Project("{8BC9CEB8-8B4A-11D0-8D11-00A0C91BC942}") = "6", "6\6.vcxproj", "{B9454B48-7B97-4141-A2D9-B2E07BE693EA}"
EndProject
Global
	GlobalSection(SolutionConfigurationPlatforms) = preSolution
		Debug|x64 = Debug|x64
		Debug|x86 = Debug|x86
		Release|x64 = Release|x64
		Release|x86 = Release|x86
	EndGlobalSection
	GlobalSection(ProjectConfigurationPlatforms) = postSolution
		{B9454B48-7B97-4141-A2D9-B2E07BE693EA}.Debug|x64.ActiveCfg = Debug|x64
		{B9454B48-7B97-4141-A2D9-B2E07BE693EA}.Debug|x64.Build.0 = Debug|x64
		{B9454B48-7B97-4141-A2D9-B2E07BE693EA}.Debug|x86.ActiveCfg = Debug|Win32
		{B9454B48-7B97-4141-A2D9-B2E07BE693EA}.Debug|x86.Build.0 = Debug|Win32
		{B9454B48-7B97-4141-A2D9-B2E07BE693EA}.Release|x64.ActiveCfg = Release|x64
		{B9454B48-7B97-4141-A2D9-B2E07BE693EA}.Release|x64.Build.0 = Release|x64
		{B9454B48-7B97-4141-A2D9-B2E07BE693EA}.Release|x86.ActiveCfg = Release|Win32
		{B9454B48-7B97-4141-A2D9-B2E07BE693EA}.Release|x86.Build.0 = Release|Win32
	EndGlobalSection
	GlobalSection(SolutionProperties) = preSolution
		HideSolutionNode = FALSE
	EndGlobalSection
	GlobalSection(ExtensibilityGlobals) = postSolution
		SolutionGuid = {F0A8E0AA-B266-49AE-A337-E83E87764328}
	EndGlobalSection
EndGlobal
